
Microsoft Visual Studio Solution File, Format Version 12.00
# Visual Studio 2013
VisualStudioVersion = 12.0.31101.0
MinimumVisualStudioVersion = 10.0.40219.1
Project("{FAE04EC0-301F-11D3-BF4B-00C04F79EFBC}") = "Calendar", "Calendar.csproj", "{ADDA7207-E241-4F79-B9A6-C94A9AD36D6F}"
EndProject
Global
	GlobalSection(SolutionConfigurationPlatforms) = preSolution
		Debug|Any CPU = Debug|Any CPU
		Release|Any CPU = Release|Any CPU
	EndGlobalSection
	GlobalSection(ProjectConfigurationPlatforms) = postSolution
		{ADDA7207-E241-4F79-B9A6-C94A9AD36D6F}.Debug|Any CPU.ActiveCfg = Debug|Any CPU
		{ADDA7207-E241-4F79-B9A6-C94A9AD36D6F}.Debug|Any CPU.Build.0 = Debug|Any CPU
		{ADDA7207-E241-4F79-B9A6-C94A9AD36D6F}.Release|Any CPU.ActiveCfg = Release|Any CPU
		{ADDA7207-E241-4F79-B9A6-C94A9AD36D6F}.Release|Any CPU.Build.0 = Release|Any CPU
	EndGlobalSection
	GlobalSection(SolutionProperties) = preSolution
		HideSolutionNode = FALSE
	EndGlobalSection
EndGlobal
